
Microsoft Visual Studio Solution File, Format Version 11.00
# Visual Studio 2010
Project("{FAE04EC0-301F-11D3-BF4B-00C04F79EFBC}") = "OOP Game", "Assembly-CSharp.csproj", "{999A23CA-0528-7048-FA38-22B5ABDC25F0}"
EndProject
Project("{FAE04EC0-301F-11D3-BF4B-00C04F79EFBC}") = "OOP Game", "Assembly-CSharp-Editor.csproj", "{5EBFF431-DC84-6ECA-F691-9CBEB1D0160F}"
EndProject
Global
	GlobalSection(SolutionConfigurationPlatforms) = preSolution
		Debug|Any CPU = Debug|Any CPU
		Release|Any CPU = Release|Any CPU
	EndGlobalSection
	GlobalSection(ProjectConfigurationPlatforms) = postSolution
		{999A23CA-0528-7048-FA38-22B5ABDC25F0}.Debug|Any CPU.ActiveCfg = Debug|Any CPU
		{999A23CA-0528-7048-FA38-22B5ABDC25F0}.Debug|Any CPU.Build.0 = Debug|Any CPU
		{999A23CA-0528-7048-FA38-22B5ABDC25F0}.Release|Any CPU.ActiveCfg = Release|Any CPU
		{999A23CA-0528-7048-FA38-22B5ABDC25F0}.Release|Any CPU.Build.0 = Release|Any CPU
		{5EBFF431-DC84-6ECA-F691-9CBEB1D0160F}.Debug|Any CPU.ActiveCfg = Debug|Any CPU
		{5EBFF431-DC84-6ECA-F691-9CBEB1D0160F}.Debug|Any CPU.Build.0 = Debug|Any CPU
		{5EBFF431-DC84-6ECA-F691-9CBEB1D0160F}.Release|Any CPU.ActiveCfg = Release|Any CPU
		{5EBFF431-DC84-6ECA-F691-9CBEB1D0160F}.Release|Any CPU.Build.0 = Release|Any CPU
	EndGlobalSection
	GlobalSection(SolutionProperties) = preSolution
		HideSolutionNode = FALSE
	EndGlobalSection
	GlobalSection(MonoDevelopProperties) = preSolution
		StartupItem = Assembly-CSharp.csproj
	EndGlobalSection
EndGlobal
